
Microsoft Visual Studio Solution File, Format Version 12.00
# Visual Studio Version 16
VisualStudioVersion = 16.0.31025.194
MinimumVisualStudioVersion = 10.0.40219.1
Project("{FAE04EC0-301F-11D3-BF4B-00C04F79EFBC}") = "maskIP", "maskIP\maskIP.csproj", "{06473D3C-6D16-4DF9-91EB-81CE0B17176F}"
EndProject
Project("{FAE04EC0-301F-11D3-BF4B-00C04F79EFBC}") = "maskingTool", "maskingTool\maskingTool.csproj", "{901DEC64-240C-41E1-B51B-BB9C8F57ABC2}"
EndProject
Project("{FAE04EC0-301F-11D3-BF4B-00C04F79EFBC}") = "MaskIPWebAPI", "MaskIPWebAPI\MaskIPWebAPI.csproj", "{65EEB488-0366-4004-B071-DA11D88D678F}"
EndProject
Global
	GlobalSection(SolutionConfigurationPlatforms) = preSolution
		Debug|Any CPU = Debug|Any CPU
		Release|Any CPU = Release|Any CPU
	EndGlobalSection
	GlobalSection(ProjectConfigurationPlatforms) = postSolution
		{06473D3C-6D16-4DF9-91EB-81CE0B17176F}.Debug|Any CPU.ActiveCfg = Debug|Any CPU
		{06473D3C-6D16-4DF9-91EB-81CE0B17176F}.Debug|Any CPU.Build.0 = Debug|Any CPU
		{06473D3C-6D16-4DF9-91EB-81CE0B17176F}.Release|Any CPU.ActiveCfg = Release|Any CPU
		{06473D3C-6D16-4DF9-91EB-81CE0B17176F}.Release|Any CPU.Build.0 = Release|Any CPU
		{901DEC64-240C-41E1-B51B-BB9C8F57ABC2}.Debug|Any CPU.ActiveCfg = Debug|Any CPU
		{901DEC64-240C-41E1-B51B-BB9C8F57ABC2}.Debug|Any CPU.Build.0 = Debug|Any CPU
		{901DEC64-240C-41E1-B51B-BB9C8F57ABC2}.Release|Any CPU.ActiveCfg = Release|Any CPU
		{901DEC64-240C-41E1-B51B-BB9C8F57ABC2}.Release|Any CPU.Build.0 = Release|Any CPU
		{65EEB488-0366-4004-B071-DA11D88D678F}.Debug|Any CPU.ActiveCfg = Debug|Any CPU
		{65EEB488-0366-4004-B071-DA11D88D678F}.Debug|Any CPU.Build.0 = Debug|Any CPU
		{65EEB488-0366-4004-B071-DA11D88D678F}.Release|Any CPU.ActiveCfg = Release|Any CPU
		{65EEB488-0366-4004-B071-DA11D88D678F}.Release|Any CPU.Build.0 = Release|Any CPU
	EndGlobalSection
	GlobalSection(SolutionProperties) = preSolution
		HideSolutionNode = FALSE
	EndGlobalSection
	GlobalSection(ExtensibilityGlobals) = postSolution
		SolutionGuid = {70065883-E42E-405A-AAB7-A7D6CB76587E}
	EndGlobalSection
EndGlobal
